
Microsoft Visual Studio Solution File, Format Version 12.00
# Visual Studio 2013
VisualStudioVersion = 12.0.21005.1
MinimumVisualStudioVersion = 10.0.40219.1
Project("{F2A71F9B-5D33-465A-A702-920D77279786}") = "PgpAddin", "PgpAddin\PgpAddin.fsproj", "{A9355C6C-8940-4466-A424-5DA9803EA7CD}"
EndProject
Project("{2150E333-8FDC-42A3-9474-1A3956D46DE8}") = "Excel", "Excel", "{1101704E-B5DE-4EA8-BA0E-A735ACC0AD2E}"
	ProjectSection(SolutionItems) = preProject
		Excel\julkas_pgp.xlsx = Excel\julkas_pgp.xlsx
	EndProjectSection
EndProject
Global
	GlobalSection(SolutionConfigurationPlatforms) = preSolution
		Debug|Any CPU = Debug|Any CPU
		Release|Any CPU = Release|Any CPU
	EndGlobalSection
	GlobalSection(ProjectConfigurationPlatforms) = postSolution
		{A9355C6C-8940-4466-A424-5DA9803EA7CD}.Debug|Any CPU.ActiveCfg = Debug|Any CPU
		{A9355C6C-8940-4466-A424-5DA9803EA7CD}.Debug|Any CPU.Build.0 = Debug|Any CPU
		{A9355C6C-8940-4466-A424-5DA9803EA7CD}.Release|Any CPU.ActiveCfg = Release|Any CPU
		{A9355C6C-8940-4466-A424-5DA9803EA7CD}.Release|Any CPU.Build.0 = Release|Any CPU
	EndGlobalSection
	GlobalSection(SolutionProperties) = preSolution
		HideSolutionNode = FALSE
	EndGlobalSection
EndGlobal
